
Microsoft Visual Studio Solution File, Format Version 11.00
# Visual Studio 2010
Project("{FAE04EC0-301F-11D3-BF4B-00C04F79EFBC}") = "DC.SpiroGraph.WinForm", "DC.SpiroGraph.WinForm\DC.SpiroGraph.WinForm.csproj", "{A6E2E4B6-6CC3-428D-AAB0-32121790DE5E}"
EndProject
Project("{FAE04EC0-301F-11D3-BF4B-00C04F79EFBC}") = "DC.SpiroGraph.Core", "DC.SpiroGraph.Core\DC.SpiroGraph.Core.csproj", "{3353349A-8B90-4434-8238-F5F642F847E2}"
EndProject
Global
	GlobalSection(SubversionScc) = preSolution
		Svn-Managed = True
		Manager = AnkhSVN - Subversion Support for Visual Studio
	EndGlobalSection
	GlobalSection(SolutionConfigurationPlatforms) = preSolution
		Debug|Any CPU = Debug|Any CPU
		Debug|Mixed Platforms = Debug|Mixed Platforms
		Debug|x86 = Debug|x86
		Release|Any CPU = Release|Any CPU
		Release|Mixed Platforms = Release|Mixed Platforms
		Release|x86 = Release|x86
	EndGlobalSection
	GlobalSection(ProjectConfigurationPlatforms) = postSolution
		{A6E2E4B6-6CC3-428D-AAB0-32121790DE5E}.Debug|Any CPU.ActiveCfg = Debug|x86
		{A6E2E4B6-6CC3-428D-AAB0-32121790DE5E}.Debug|Mixed Platforms.ActiveCfg = Debug|x86
		{A6E2E4B6-6CC3-428D-AAB0-32121790DE5E}.Debug|Mixed Platforms.Build.0 = Debug|x86
		{A6E2E4B6-6CC3-428D-AAB0-32121790DE5E}.Debug|x86.ActiveCfg = Debug|x86
		{A6E2E4B6-6CC3-428D-AAB0-32121790DE5E}.Debug|x86.Build.0 = Debug|x86
		{A6E2E4B6-6CC3-428D-AAB0-32121790DE5E}.Release|Any CPU.ActiveCfg = Release|x86
		{A6E2E4B6-6CC3-428D-AAB0-32121790DE5E}.Release|Mixed Platforms.ActiveCfg = Release|x86
		{A6E2E4B6-6CC3-428D-AAB0-32121790DE5E}.Release|Mixed Platforms.Build.0 = Release|x86
		{A6E2E4B6-6CC3-428D-AAB0-32121790DE5E}.Release|x86.ActiveCfg = Release|x86
		{A6E2E4B6-6CC3-428D-AAB0-32121790DE5E}.Release|x86.Build.0 = Release|x86
		{3353349A-8B90-4434-8238-F5F642F847E2}.Debug|Any CPU.ActiveCfg = Debug|Any CPU
		{3353349A-8B90-4434-8238-F5F642F847E2}.Debug|Any CPU.Build.0 = Debug|Any CPU
		{3353349A-8B90-4434-8238-F5F642F847E2}.Debug|Mixed Platforms.ActiveCfg = Debug|Any CPU
		{3353349A-8B90-4434-8238-F5F642F847E2}.Debug|Mixed Platforms.Build.0 = Debug|Any CPU
		{3353349A-8B90-4434-8238-F5F642F847E2}.Debug|x86.ActiveCfg = Debug|Any CPU
		{3353349A-8B90-4434-8238-F5F642F847E2}.Release|Any CPU.ActiveCfg = Release|Any CPU
		{3353349A-8B90-4434-8238-F5F642F847E2}.Release|Any CPU.Build.0 = Release|Any CPU
		{3353349A-8B90-4434-8238-F5F642F847E2}.Release|Mixed Platforms.ActiveCfg = Release|Any CPU
		{3353349A-8B90-4434-8238-F5F642F847E2}.Release|Mixed Platforms.Build.0 = Release|Any CPU
		{3353349A-8B90-4434-8238-F5F642F847E2}.Release|x86.ActiveCfg = Release|Any CPU
	EndGlobalSection
	GlobalSection(SolutionProperties) = preSolution
		HideSolutionNode = FALSE
	EndGlobalSection
EndGlobal
