
Microsoft Visual Studio Solution File, Format Version 12.00
# Visual Studio Version 16
VisualStudioVersion = 16.0.29926.136
MinimumVisualStudioVersion = 10.0.40219.1
Project("{FAE04EC0-301F-11D3-BF4B-00C04F79EFBC}") = "POC.IoCItch.Con01", "POC.IoCItch.Con01\POC.IoCItch.Con01.csproj", "{3C3F32EF-8361-4901-AEC2-57BBF355D1D6}"
EndProject
Global
	GlobalSection(SolutionConfigurationPlatforms) = preSolution
		Debug|Any CPU = Debug|Any CPU
		Release|Any CPU = Release|Any CPU
	EndGlobalSection
	GlobalSection(ProjectConfigurationPlatforms) = postSolution
		{3C3F32EF-8361-4901-AEC2-57BBF355D1D6}.Debug|Any CPU.ActiveCfg = Debug|Any CPU
		{3C3F32EF-8361-4901-AEC2-57BBF355D1D6}.Debug|Any CPU.Build.0 = Debug|Any CPU
		{3C3F32EF-8361-4901-AEC2-57BBF355D1D6}.Release|Any CPU.ActiveCfg = Release|Any CPU
		{3C3F32EF-8361-4901-AEC2-57BBF355D1D6}.Release|Any CPU.Build.0 = Release|Any CPU
	EndGlobalSection
	GlobalSection(SolutionProperties) = preSolution
		HideSolutionNode = FALSE
	EndGlobalSection
	GlobalSection(ExtensibilityGlobals) = postSolution
		SolutionGuid = {B81BD436-6E23-4932-BD48-669AD9E75E3E}
	EndGlobalSection
EndGlobal
